
Microsoft Visual Studio Solution File, Format Version 12.00
# Visual Studio 14
VisualStudioVersion = 14.0.23107.0
MinimumVisualStudioVersion = 10.0.40219.1
Project("{FAE04EC0-301F-11D3-BF4B-00C04F79EFBC}") = "Operator_Aritmatika", "Operator_Aritmatika\Operator_Aritmatika.csproj", "{BE49B917-C05A-48DD-8E26-D30FB905B597}"
EndProject
Global
	GlobalSection(SolutionConfigurationPlatforms) = preSolution
		Debug|Any CPU = Debug|Any CPU
		Release|Any CPU = Release|Any CPU
	EndGlobalSection
	GlobalSection(ProjectConfigurationPlatforms) = postSolution
		{BE49B917-C05A-48DD-8E26-D30FB905B597}.Debug|Any CPU.ActiveCfg = Debug|Any CPU
		{BE49B917-C05A-48DD-8E26-D30FB905B597}.Debug|Any CPU.Build.0 = Debug|Any CPU
		{BE49B917-C05A-48DD-8E26-D30FB905B597}.Release|Any CPU.ActiveCfg = Release|Any CPU
		{BE49B917-C05A-48DD-8E26-D30FB905B597}.Release|Any CPU.Build.0 = Release|Any CPU
	EndGlobalSection
	GlobalSection(SolutionProperties) = preSolution
		HideSolutionNode = FALSE
	EndGlobalSection
EndGlobal
